
Microsoft Visual Studio Solution File, Format Version 12.00
# Visual Studio Version 16
VisualStudioVersion = 16.0.32510.428
MinimumVisualStudioVersion = 10.0.40219.1
Project("{8BC9CEB8-8B4A-11D0-8D11-00A0C91BC942}") = "Engine", "Engine\Engine.vcxproj", "{89DBE39F-A624-4DD0-8E66-499AE7F43ECF}"
EndProject
Project("{8BC9CEB8-8B4A-11D0-8D11-00A0C91BC942}") = "Game", "Game\Game.vcxproj", "{222A7EFC-3162-4EC3-8C88-AB47885FFF5A}"
EndProject
Global
	GlobalSection(SolutionConfigurationPlatforms) = preSolution
		Debug|x64 = Debug|x64
		Debug|x86 = Debug|x86
		Release|x64 = Release|x64
		Release|x86 = Release|x86
	EndGlobalSection
	GlobalSection(ProjectConfigurationPlatforms) = postSolution
		{89DBE39F-A624-4DD0-8E66-499AE7F43ECF}.Debug|x64.ActiveCfg = Debug|x64
		{89DBE39F-A624-4DD0-8E66-499AE7F43ECF}.Debug|x64.Build.0 = Debug|x64
		{89DBE39F-A624-4DD0-8E66-499AE7F43ECF}.Debug|x86.ActiveCfg = Debug|Win32
		{89DBE39F-A624-4DD0-8E66-499AE7F43ECF}.Debug|x86.Build.0 = Debug|Win32
		{89DBE39F-A624-4DD0-8E66-499AE7F43ECF}.Release|x64.ActiveCfg = Release|x64
		{89DBE39F-A624-4DD0-8E66-499AE7F43ECF}.Release|x64.Build.0 = Release|x64
		{89DBE39F-A624-4DD0-8E66-499AE7F43ECF}.Release|x86.ActiveCfg = Release|Win32
		{89DBE39F-A624-4DD0-8E66-499AE7F43ECF}.Release|x86.Build.0 = Release|Win32
		{222A7EFC-3162-4EC3-8C88-AB47885FFF5A}.Debug|x64.ActiveCfg = Debug|x64
		{222A7EFC-3162-4EC3-8C88-AB47885FFF5A}.Debug|x64.Build.0 = Debug|x64
		{222A7EFC-3162-4EC3-8C88-AB47885FFF5A}.Debug|x86.ActiveCfg = Debug|Win32
		{222A7EFC-3162-4EC3-8C88-AB47885FFF5A}.Debug|x86.Build.0 = Debug|Win32
		{222A7EFC-3162-4EC3-8C88-AB47885FFF5A}.Release|x64.ActiveCfg = Release|x64
		{222A7EFC-3162-4EC3-8C88-AB47885FFF5A}.Release|x64.Build.0 = Release|x64
		{222A7EFC-3162-4EC3-8C88-AB47885FFF5A}.Release|x86.ActiveCfg = Release|Win32
		{222A7EFC-3162-4EC3-8C88-AB47885FFF5A}.Release|x86.Build.0 = Release|Win32
	EndGlobalSection
	GlobalSection(SolutionProperties) = preSolution
		HideSolutionNode = FALSE
	EndGlobalSection
	GlobalSection(ExtensibilityGlobals) = postSolution
		SolutionGuid = {BD14AE40-9DB0-49CD-B401-4D09AF7EAC0F}
	EndGlobalSection
EndGlobal
